{
  "originHash" : "1fd7fe1ae108465fef62b9b980d129f6ebd8e728ac238f1f4313d164bab042f8",
  "pins" : [
    {
      "identity" : "phonenumberkit",
      "kind" : "remoteSourceControl",
      "location" : "https://github.com/marmelroy/PhoneNumberKit",
      "state" : {
        "revision" : "54f678c2fb115e68bb173face494954c1de9df10",
        "version" : "4.2.8"
      }
    },
    {
      "identity" : "stripe-ios",
      "kind" : "remoteSourceControl",
      "location" : "https://github.com/stripe/stripe-ios",
      "state" : {
        "revision" : "46a66b1fc6251887f11f3a3c7a7deef2c42dc793",
        "version" : "25.6.1"
      }
    }
  ],
  "version" : 3
}
